// !$*UTF8*$!
{
	archiveVersion = 1;
	classes = {
	};
	objectVersion = 50;
	objects = {

/* Begin PBXBuildFile section */
		3898249A21B76CC000709548 /* AppDelegate.swift in Sources */ = {isa = PBXBuildFile; fileRef = 3898249921B76CC000709548 /* AppDelegate.swift */; };
		389824A121B76CC100709548 /* Assets.xcassets in Resources */ = {isa = PBXBuildFile; fileRef = 389824A021B76CC100709548 /* Assets.xcassets */; };
		389824A421B76CC100709548 /* LaunchScreen.storyboard in Resources */ = {isa = PBXBuildFile; fileRef = 389824A221B76CC100709548 /* LaunchScreen.storyboard */; };
		389824AF21B76CC100709548 /* live_streaming_demoTests.swift in Sources */ = {isa = PBXBuildFile; fileRef = 389824AE21B76CC100709548 /* live_streaming_demoTests.swift */; };
		389824BA21B76CC100709548 /* live_streaming_demoUITests.swift in Sources */ = {isa = PBXBuildFile; fileRef = 389824B921B76CC100709548 /* live_streaming_demoUITests.swift */; };
		389824CC21B7711400709548 /* ViewController.swift in Sources */ = {isa = PBXBuildFile; fileRef = 389824CB21B7711400709548 /* ViewController.swift */; };
		389824D821B7756200709548 /* Main.storyboard in Resources */ = {isa = PBXBuildFile; fileRef = 389824D721B7756200709548 /* Main.storyboard */; };
		389824DB21B7765600709548 /* HomeViewController.swift in Sources */ = {isa = PBXBuildFile; fileRef = 389824DA21B7765600709548 /* HomeViewController.swift */; };
		389824E121B7769C00709548 /* FollowViewController.swift in Sources */ = {isa = PBXBuildFile; fileRef = 389824E021B7769C00709548 /* FollowViewController.swift */; };
		389824E321B776A300709548 /* LiveViewController.swift in Sources */ = {isa = PBXBuildFile; fileRef = 389824E221B776A300709548 /* LiveViewController.swift */; };
		389824E521B776B000709548 /* ProfilleViewController.swift in Sources */ = {isa = PBXBuildFile; fileRef = 389824E421B776B000709548 /* ProfilleViewController.swift */; };
		389824E721B776B700709548 /* RoomViewController.swift in Sources */ = {isa = PBXBuildFile; fileRef = 389824E621B776B700709548 /* RoomViewController.swift */; };
		389824E921B7775A00709548 /* Home.storyboard in Resources */ = {isa = PBXBuildFile; fileRef = 389824E821B7775A00709548 /* Home.storyboard */; };
		389824EB21B7778200709548 /* Follow.storyboard in Resources */ = {isa = PBXBuildFile; fileRef = 389824EA21B7778200709548 /* Follow.storyboard */; };
		389824ED21B777A000709548 /* Profile.storyboard in Resources */ = {isa = PBXBuildFile; fileRef = 389824EC21B777A000709548 /* Profile.storyboard */; };
		389824EF21B777AF00709548 /* Live.storyboard in Resources */ = {isa = PBXBuildFile; fileRef = 389824EE21B777AF00709548 /* Live.storyboard */; };
		389824F121B777F000709548 /* MainTabBarController.swift in Sources */ = {isa = PBXBuildFile; fileRef = 389824F021B777F000709548 /* MainTabBarController.swift */; };
		389824F421B77BB700709548 /* UIBarButtonItem-Extension.swift in Sources */ = {isa = PBXBuildFile; fileRef = 389824F321B77BB700709548 /* UIBarButtonItem-Extension.swift */; };
		389824F621B77CCE00709548 /* PageTitleView.swift in Sources */ = {isa = PBXBuildFile; fileRef = 389824F521B77CCE00709548 /* PageTitleView.swift */; };
		389824F921B7802D00709548 /* Common.swift in Sources */ = {isa = PBXBuildFile; fileRef = 389824F821B7802D00709548 /* Common.swift */; };
		38C418DE21B8C1530062A009 /* UIColor-Extension.swift in Sources */ = {isa = PBXBuildFile; fileRef = 38C418DD21B8C1530062A009 /* UIColor-Extension.swift */; };
		38C418E021B8D4620062A009 /* PageContentView.swift in Sources */ = {isa = PBXBuildFile; fileRef = 38C418DF21B8D4620062A009 /* PageContentView.swift */; };
		38C418E221B8D9850062A009 /* RecommendViewController.swift in Sources */ = {isa = PBXBuildFile; fileRef = 38C418E121B8D9850062A009 /* RecommendViewController.swift */; };
		38C418E421B8D9990062A009 /* GameViewController.swift in Sources */ = {isa = PBXBuildFile; fileRef = 38C418E321B8D9990062A009 /* GameViewController.swift */; };
		38C418E621B8D9A20062A009 /* AmuseViewController.swift in Sources */ = {isa = PBXBuildFile; fileRef = 38C418E521B8D9A20062A009 /* AmuseViewController.swift */; };
		38C418E821B8D9AF0062A009 /* FunnyViewController.swift in Sources */ = {isa = PBXBuildFile; fileRef = 38C418E721B8D9AF0062A009 /* FunnyViewController.swift */; };
/* End PBXBuildFile section */

/* Begin PBXContainerItemProxy section */
		389824AB21B76CC100709548 /* PBXContainerItemProxy */ = {
			isa = PBXContainerItemProxy;
			containerPortal = 3898248E21B76CC000709548 /* Project object */;
			proxyType = 1;
			remoteGlobalIDString = 3898249521B76CC000709548;
			remoteInfo = "live-streaming-demo";
		};
		389824B621B76CC100709548 /* PBXContainerItemProxy */ = {
			isa = PBXContainerItemProxy;
			containerPortal = 3898248E21B76CC000709548 /* Project object */;
			proxyType = 1;
			remoteGlobalIDString = 3898249521B76CC000709548;
			remoteInfo = "live-streaming-demo";
		};
/* End PBXContainerItemProxy section */

/* Begin PBXFileReference section */
		3898249621B76CC000709548 /* live-streaming-demo.app */ = {isa = PBXFileReference; explicitFileType = wrapper.application; includeInIndex = 0; path = "live-streaming-demo.app"; sourceTree = BUILT_PRODUCTS_DIR; };
		3898249921B76CC000709548 /* AppDelegate.swift */ = {isa = PBXFileReference; lastKnownFileType = sourcecode.swift; path = AppDelegate.swift; sourceTree = "<group>"; };
		389824A021B76CC100709548 /* Assets.xcassets */ = {isa = PBXFileReference; lastKnownFileType = folder.assetcatalog; path = Assets.xcassets; sourceTree = "<group>"; };
		389824A321B76CC100709548 /* Base */ = {isa = PBXFileReference; lastKnownFileType = file.storyboard; name = Base; path = Base.lproj/LaunchScreen.storyboard; sourceTree = "<group>"; };
		389824A521B76CC100709548 /* Info.plist */ = {isa = PBXFileReference; lastKnownFileType = text.plist.xml; path = Info.plist; sourceTree = "<group>"; };
		389824AA21B76CC100709548 /* live-streaming-demoTests.xctest */ = {isa = PBXFileReference; explicitFileType = wrapper.cfbundle; includeInIndex = 0; path = "live-streaming-demoTests.xctest"; sourceTree = BUILT_PRODUCTS_DIR; };
		389824AE21B76CC100709548 /* live_streaming_demoTests.swift */ = {isa = PBXFileReference; lastKnownFileType = sourcecode.swift; path = live_streaming_demoTests.swift; sourceTree = "<group>"; };
		389824B021B76CC100709548 /* Info.plist */ = {isa = PBXFileReference; lastKnownFileType = text.plist.xml; path = Info.plist; sourceTree = "<group>"; };
		389824B521B76CC100709548 /* live-streaming-demoUITests.xctest */ = {isa = PBXFileReference; explicitFileType = wrapper.cfbundle; includeInIndex = 0; path = "live-streaming-demoUITests.xctest"; sourceTree = BUILT_PRODUCTS_DIR; };
		389824B921B76CC100709548 /* live_streaming_demoUITests.swift */ = {isa = PBXFileReference; lastKnownFileType = sourcecode.swift; path = live_streaming_demoUITests.swift; sourceTree = "<group>"; };
		389824BB21B76CC100709548 /* Info.plist */ = {isa = PBXFileReference; lastKnownFileType = text.plist.xml; path = Info.plist; sourceTree = "<group>"; };
		389824CB21B7711400709548 /* ViewController.swift */ = {isa = PBXFileReference; lastKnownFileType = sourcecode.swift; path = ViewController.swift; sourceTree = "<group>"; };
		389824D721B7756200709548 /* Main.storyboard */ = {isa = PBXFileReference; lastKnownFileType = file.storyboard; path = Main.storyboard; sourceTree = "<group>"; };
		389824DA21B7765600709548 /* HomeViewController.swift */ = {isa = PBXFileReference; lastKnownFileType = sourcecode.swift; path = HomeViewController.swift; sourceTree = "<group>"; };
		389824E021B7769C00709548 /* FollowViewController.swift */ = {isa = PBXFileReference; lastKnownFileType = sourcecode.swift; path = FollowViewController.swift; sourceTree = "<group>"; };
		389824E221B776A300709548 /* LiveViewController.swift */ = {isa = PBXFileReference; lastKnownFileType = sourcecode.swift; path = LiveViewController.swift; sourceTree = "<group>"; };
		389824E421B776B000709548 /* ProfilleViewController.swift */ = {isa = PBXFileReference; lastKnownFileType = sourcecode.swift; path = ProfilleViewController.swift; sourceTree = "<group>"; };
		389824E621B776B700709548 /* RoomViewController.swift */ = {isa = PBXFileReference; lastKnownFileType = sourcecode.swift; path = RoomViewController.swift; sourceTree = "<group>"; };
		389824E821B7775A00709548 /* Home.storyboard */ = {isa = PBXFileReference; fileEncoding = 4; lastKnownFileType = file.storyboard; path = Home.storyboard; sourceTree = "<group>"; };
		389824EA21B7778200709548 /* Follow.storyboard */ = {isa = PBXFileReference; fileEncoding = 4; lastKnownFileType = file.storyboard; path = Follow.storyboard; sourceTree = "<group>"; };
		389824EC21B777A000709548 /* Profile.storyboard */ = {isa = PBXFileReference; fileEncoding = 4; lastKnownFileType = file.storyboard; path = Profile.storyboard; sourceTree = "<group>"; };
		389824EE21B777AF00709548 /* Live.storyboard */ = {isa = PBXFileReference; fileEncoding = 4; lastKnownFileType = file.storyboard; path = Live.storyboard; sourceTree = "<group>"; };
		389824F021B777F000709548 /* MainTabBarController.swift */ = {isa = PBXFileReference; lastKnownFileType = sourcecode.swift; path = MainTabBarController.swift; sourceTree = "<group>"; };
		389824F321B77BB700709548 /* UIBarButtonItem-Extension.swift */ = {isa = PBXFileReference; lastKnownFileType = sourcecode.swift; path = "UIBarButtonItem-Extension.swift"; sourceTree = "<group>"; };
		389824F521B77CCE00709548 /* PageTitleView.swift */ = {isa = PBXFileReference; lastKnownFileType = sourcecode.swift; path = PageTitleView.swift; sourceTree = "<group>"; };
		389824F821B7802D00709548 /* Common.swift */ = {isa = PBXFileReference; lastKnownFileType = sourcecode.swift; path = Common.swift; sourceTree = "<group>"; };
		38C418DD21B8C1530062A009 /* UIColor-Extension.swift */ = {isa = PBXFileReference; lastKnownFileType = sourcecode.swift; path = "UIColor-Extension.swift"; sourceTree = "<group>"; };
		38C418DF21B8D4620062A009 /* PageContentView.swift */ = {isa = PBXFileReference; lastKnownFileType = sourcecode.swift; path = PageContentView.swift; sourceTree = "<group>"; };
		38C418E121B8D9850062A009 /* RecommendViewController.swift */ = {isa = PBXFileReference; lastKnownFileType = sourcecode.swift; path = RecommendViewController.swift; sourceTree = "<group>"; };
		38C418E321B8D9990062A009 /* GameViewController.swift */ = {isa = PBXFileReference; lastKnownFileType = sourcecode.swift; path = GameViewController.swift; sourceTree = "<group>"; };
		38C418E521B8D9A20062A009 /* AmuseViewController.swift */ = {isa = PBXFileReference; lastKnownFileType = sourcecode.swift; path = AmuseViewController.swift; sourceTree = "<group>"; };
		38C418E721B8D9AF0062A009 /* FunnyViewController.swift */ = {isa = PBXFileReference; lastKnownFileType = sourcecode.swift; path = FunnyViewController.swift; sourceTree = "<group>"; };
/* End PBXFileReference section */

/* Begin PBXFrameworksBuildPhase section */
		3898249321B76CC000709548 /* Frameworks */ = {
			isa = PBXFrameworksBuildPhase;
			buildActionMask = 2147483647;
			files = (
			);
			runOnlyForDeploymentPostprocessing = 0;
		};
		389824A721B76CC100709548 /* Frameworks */ = {
			isa = PBXFrameworksBuildPhase;
			buildActionMask = 2147483647;
			files = (
			);
			runOnlyForDeploymentPostprocessing = 0;
		};
		389824B221B76CC100709548 /* Frameworks */ = {
			isa = PBXFrameworksBuildPhase;
			buildActionMask = 2147483647;
			files = (
			);
			runOnlyForDeploymentPostprocessing = 0;
		};
/* End PBXFrameworksBuildPhase section */

/* Begin PBXGroup section */
		3898248D21B76CC000709548 = {
			isa = PBXGroup;
			children = (
				3898249821B76CC000709548 /* live-streaming-demo */,
				389824AD21B76CC100709548 /* live-streaming-demoTests */,
				389824B821B76CC100709548 /* live-streaming-demoUITests */,
				3898249721B76CC000709548 /* Products */,
			);
			sourceTree = "<group>";
		};
		3898249721B76CC000709548 /* Products */ = {
			isa = PBXGroup;
			children = (
				3898249621B76CC000709548 /* live-streaming-demo.app */,
				389824AA21B76CC100709548 /* live-streaming-demoTests.xctest */,
				389824B521B76CC100709548 /* live-streaming-demoUITests.xctest */,
			);
			name = Products;
			sourceTree = "<group>";
		};
		3898249821B76CC000709548 /* live-streaming-demo */ = {
			isa = PBXGroup;
			children = (
				389824CD21B7750600709548 /* Classes */,
				3898249921B76CC000709548 /* AppDelegate.swift */,
				389824A021B76CC100709548 /* Assets.xcassets */,
				389824A221B76CC100709548 /* LaunchScreen.storyboard */,
				389824CB21B7711400709548 /* ViewController.swift */,
				389824A521B76CC100709548 /* Info.plist */,
			);
			path = "live-streaming-demo";
			sourceTree = "<group>";
		};
		389824AD21B76CC100709548 /* live-streaming-demoTests */ = {
			isa = PBXGroup;
			children = (
				389824AE21B76CC100709548 /* live_streaming_demoTests.swift */,
				389824B021B76CC100709548 /* Info.plist */,
			);
			path = "live-streaming-demoTests";
			sourceTree = "<group>";
		};
		389824B821B76CC100709548 /* live-streaming-demoUITests */ = {
			isa = PBXGroup;
			children = (
				389824B921B76CC100709548 /* live_streaming_demoUITests.swift */,
				389824BB21B76CC100709548 /* Info.plist */,
			);
			path = "live-streaming-demoUITests";
			sourceTree = "<group>";
		};
		389824CD21B7750600709548 /* Classes */ = {
			isa = PBXGroup;
			children = (
				389824D221B7750600709548 /* Main */,
				389824CF21B7750600709548 /* Home */,
				389824CE21B7750600709548 /* Follow */,
				389824D121B7750600709548 /* Live */,
				389824D321B7750600709548 /* Profile */,
				389824D421B7750600709548 /* Room */,
				389824D521B7750600709548 /* Tools */,
			);
			path = Classes;
			sourceTree = "<group>";
		};
		389824CE21B7750600709548 /* Follow */ = {
			isa = PBXGroup;
			children = (
				389824DC21B7766F00709548 /* Controller */,
			);
			path = Follow;
			sourceTree = "<group>";
		};
		389824CF21B7750600709548 /* Home */ = {
			isa = PBXGroup;
			children = (
				389824D621B7755100709548 /* Controller */,
				389824F721B77CD500709548 /* View */,
			);
			path = Home;
			sourceTree = "<group>";
		};
		389824D121B7750600709548 /* Live */ = {
			isa = PBXGroup;
			children = (
				389824DD21B7767900709548 /* Controller */,
			);
			path = Live;
			sourceTree = "<group>";
		};
		389824D221B7750600709548 /* Main */ = {
			isa = PBXGroup;
			children = (
				389824D921B7763800709548 /* Controller */,
			);
			path = Main;
			sourceTree = "<group>";
		};
		389824D321B7750600709548 /* Profile */ = {
			isa = PBXGroup;
			children = (
				389824DE21B7768100709548 /* Controller */,
			);
			path = Profile;
			sourceTree = "<group>";
		};
		389824D421B7750600709548 /* Room */ = {
			isa = PBXGroup;
			children = (
				389824DF21B7768C00709548 /* Controller */,
			);
			path = Room;
			sourceTree = "<group>";
		};
		389824D521B7750600709548 /* Tools */ = {
			isa = PBXGroup;
			children = (
				389824F221B77B9D00709548 /* Extension */,
			);
			path = Tools;
			sourceTree = "<group>";
		};
		389824D621B7755100709548 /* Controller */ = {
			isa = PBXGroup;
			children = (
				389824E821B7775A00709548 /* Home.storyboard */,
				389824DA21B7765600709548 /* HomeViewController.swift */,
				38C418E121B8D9850062A009 /* RecommendViewController.swift */,
				38C418E321B8D9990062A009 /* GameViewController.swift */,
				38C418E521B8D9A20062A009 /* AmuseViewController.swift */,
				38C418E721B8D9AF0062A009 /* FunnyViewController.swift */,
			);
			path = Controller;
			sourceTree = "<group>";
		};
		389824D921B7763800709548 /* Controller */ = {
			isa = PBXGroup;
			children = (
				389824D721B7756200709548 /* Main.storyboard */,
				389824F021B777F000709548 /* MainTabBarController.swift */,
			);
			path = Controller;
			sourceTree = "<group>";
		};
		389824DC21B7766F00709548 /* Controller */ = {
			isa = PBXGroup;
			children = (
				389824EA21B7778200709548 /* Follow.storyboard */,
				389824E021B7769C00709548 /* FollowViewController.swift */,
			);
			path = Controller;
			sourceTree = "<group>";
		};
		389824DD21B7767900709548 /* Controller */ = {
			isa = PBXGroup;
			children = (
				389824EE21B777AF00709548 /* Live.storyboard */,
				389824E221B776A300709548 /* LiveViewController.swift */,
			);
			path = Controller;
			sourceTree = "<group>";
		};
		389824DE21B7768100709548 /* Controller */ = {
			isa = PBXGroup;
			children = (
				389824EC21B777A000709548 /* Profile.storyboard */,
				389824E421B776B000709548 /* ProfilleViewController.swift */,
			);
			path = Controller;
			sourceTree = "<group>";
		};
		389824DF21B7768C00709548 /* Controller */ = {
			isa = PBXGroup;
			children = (
				389824E621B776B700709548 /* RoomViewController.swift */,
			);
			path = Controller;
			sourceTree = "<group>";
		};
		389824F221B77B9D00709548 /* Extension */ = {
			isa = PBXGroup;
			children = (
				389824F321B77BB700709548 /* UIBarButtonItem-Extension.swift */,
				389824F821B7802D00709548 /* Common.swift */,
				38C418DD21B8C1530062A009 /* UIColor-Extension.swift */,
			);
			path = Extension;
			sourceTree = "<group>";
		};
		389824F721B77CD500709548 /* View */ = {
			isa = PBXGroup;
			children = (
				389824F521B77CCE00709548 /* PageTitleView.swift */,
				38C418DF21B8D4620062A009 /* PageContentView.swift */,
			);
			path = View;
			sourceTree = "<group>";
		};
/* End PBXGroup section */

/* Begin PBXNativeTarget section */
		3898249521B76CC000709548 /* live-streaming-demo */ = {
			isa = PBXNativeTarget;
			buildConfigurationList = 389824BE21B76CC100709548 /* Build configuration list for PBXNativeTarget "live-streaming-demo" */;
			buildPhases = (
				3898249221B76CC000709548 /* Sources */,
				3898249321B76CC000709548 /* Frameworks */,
				3898249421B76CC000709548 /* Resources */,
			);
			buildRules = (
			);
			dependencies = (
			);
			name = "live-streaming-demo";
			productName = "live-streaming-demo";
			productReference = 3898249621B76CC000709548 /* live-streaming-demo.app */;
			productType = "com.apple.product-type.application";
		};
		389824A921B76CC100709548 /* live-streaming-demoTests */ = {
			isa = PBXNativeTarget;
			buildConfigurationList = 389824C121B76CC100709548 /* Build configuration list for PBXNativeTarget "live-streaming-demoTests" */;
			buildPhases = (
				389824A621B76CC100709548 /* Sources */,
				389824A721B76CC100709548 /* Frameworks */,
				389824A821B76CC100709548 /* Resources */,
			);
			buildRules = (
			);
			dependencies = (
				389824AC21B76CC100709548 /* PBXTargetDependency */,
			);
			name = "live-streaming-demoTests";
			productName = "live-streaming-demoTests";
			productReference = 389824AA21B76CC100709548 /* live-streaming-demoTests.xctest */;
			productType = "com.apple.product-type.bundle.unit-test";
		};
		389824B421B76CC100709548 /* live-streaming-demoUITests */ = {
			isa = PBXNativeTarget;
			buildConfigurationList = 389824C421B76CC100709548 /* Build configuration list for PBXNativeTarget "live-streaming-demoUITests" */;
			buildPhases = (
				389824B121B76CC100709548 /* Sources */,
				389824B221B76CC100709548 /* Frameworks */,
				389824B321B76CC100709548 /* Resources */,
			);
			buildRules = (
			);
			dependencies = (
				389824B721B76CC100709548 /* PBXTargetDependency */,
			);
			name = "live-streaming-demoUITests";
			productName = "live-streaming-demoUITests";
			productReference = 389824B521B76CC100709548 /* live-streaming-demoUITests.xctest */;
			productType = "com.apple.product-type.bundle.ui-testing";
		};
/* End PBXNativeTarget section */

/* Begin PBXProject section */
		3898248E21B76CC000709548 /* Project object */ = {
			isa = PBXProject;
			attributes = {
				LastSwiftUpdateCheck = 1010;
				LastUpgradeCheck = 1010;
				ORGANIZATIONNAME = zijia;
				TargetAttributes = {
					3898249521B76CC000709548 = {
						CreatedOnToolsVersion = 10.1;
					};
					389824A921B76CC100709548 = {
						CreatedOnToolsVersion = 10.1;
						TestTargetID = 3898249521B76CC000709548;
					};
					389824B421B76CC100709548 = {
						CreatedOnToolsVersion = 10.1;
						TestTargetID = 3898249521B76CC000709548;
					};
				};
			};
			buildConfigurationList = 3898249121B76CC000709548 /* Build configuration list for PBXProject "live-streaming-demo" */;
			compatibilityVersion = "Xcode 9.3";
			developmentRegion = en;
			hasScannedForEncodings = 0;
			knownRegions = (
				en,
				Base,
			);
			mainGroup = 3898248D21B76CC000709548;
			productRefGroup = 3898249721B76CC000709548 /* Products */;
			projectDirPath = "";
			projectRoot = "";
			targets = (
				3898249521B76CC000709548 /* live-streaming-demo */,
				389824A921B76CC100709548 /* live-streaming-demoTests */,
				389824B421B76CC100709548 /* live-streaming-demoUITests */,
			);
		};
/* End PBXProject section */

/* Begin PBXResourcesBuildPhase section */
		3898249421B76CC000709548 /* Resources */ = {
			isa = PBXResourcesBuildPhase;
			buildActionMask = 2147483647;
			files = (
				389824ED21B777A000709548 /* Profile.storyboard in Resources */,
				389824EB21B7778200709548 /* Follow.storyboard in Resources */,
				389824D821B7756200709548 /* Main.storyboard in Resources */,
				389824A421B76CC100709548 /* LaunchScreen.storyboard in Resources */,
				389824A121B76CC100709548 /* Assets.xcassets in Resources */,
				389824E921B7775A00709548 /* Home.storyboard in Resources */,
				389824EF21B777AF00709548 /* Live.storyboard in Resources */,
			);
			runOnlyForDeploymentPostprocessing = 0;
		};
		389824A821B76CC100709548 /* Resources */ = {
			isa = PBXResourcesBuildPhase;
			buildActionMask = 2147483647;
			files = (
			);
			runOnlyForDeploymentPostprocessing = 0;
		};
		389824B321B76CC100709548 /* Resources */ = {
			isa = PBXResourcesBuildPhase;
			buildActionMask = 2147483647;
			files = (
			);
			runOnlyForDeploymentPostprocessing = 0;
		};
/* End PBXResourcesBuildPhase section */

/* Begin PBXSourcesBuildPhase section */
		3898249221B76CC000709548 /* Sources */ = {
			isa = PBXSourcesBuildPhase;
			buildActionMask = 2147483647;
			files = (
				389824CC21B7711400709548 /* ViewController.swift in Sources */,
				38C418DE21B8C1530062A009 /* UIColor-Extension.swift in Sources */,
				3898249A21B76CC000709548 /* AppDelegate.swift in Sources */,
				389824F621B77CCE00709548 /* PageTitleView.swift in Sources */,
				389824F121B777F000709548 /* MainTabBarController.swift in Sources */,
				389824F921B7802D00709548 /* Common.swift in Sources */,
				389824E721B776B700709548 /* RoomViewController.swift in Sources */,
				389824DB21B7765600709548 /* HomeViewController.swift in Sources */,
				389824E121B7769C00709548 /* FollowViewController.swift in Sources */,
				38C418E221B8D9850062A009 /* RecommendViewController.swift in Sources */,
				38C418E421B8D9990062A009 /* GameViewController.swift in Sources */,
				38C418E821B8D9AF0062A009 /* FunnyViewController.swift in Sources */,
				389824E321B776A300709548 /* LiveViewController.swift in Sources */,
				38C418E021B8D4620062A009 /* PageContentView.swift in Sources */,
				389824E521B776B000709548 /* ProfilleViewController.swift in Sources */,
				38C418E621B8D9A20062A009 /* AmuseViewController.swift in Sources */,
				389824F421B77BB700709548 /* UIBarButtonItem-Extension.swift in Sources */,
			);
			runOnlyForDeploymentPostprocessing = 0;
		};
		389824A621B76CC100709548 /* Sources */ = {
			isa = PBXSourcesBuildPhase;
			buildActionMask = 2147483647;
			files = (
				389824AF21B76CC100709548 /* live_streaming_demoTests.swift in Sources */,
			);
			runOnlyForDeploymentPostprocessing = 0;
		};
		389824B121B76CC100709548 /* Sources */ = {
			isa = PBXSourcesBuildPhase;
			buildActionMask = 2147483647;
			files = (
				389824BA21B76CC100709548 /* live_streaming_demoUITests.swift in Sources */,
			);
			runOnlyForDeploymentPostprocessing = 0;
		};
/* End PBXSourcesBuildPhase section */

/* Begin PBXTargetDependency section */
		389824AC21B76CC100709548 /* PBXTargetDependency */ = {
			isa = PBXTargetDependency;
			target = 3898249521B76CC000709548 /* live-streaming-demo */;
			targetProxy = 389824AB21B76CC100709548 /* PBXContainerItemProxy */;
		};
		389824B721B76CC100709548 /* PBXTargetDependency */ = {
			isa = PBXTargetDependency;
			target = 3898249521B76CC000709548 /* live-streaming-demo */;
			targetProxy = 389824B621B76CC100709548 /* PBXContainerItemProxy */;
		};
/* End PBXTargetDependency section */

/* Begin PBXVariantGroup section */
		389824A221B76CC100709548 /* LaunchScreen.storyboard */ = {
			isa = PBXVariantGroup;
			children = (
				389824A321B76CC100709548 /* Base */,
			);
			name = LaunchScreen.storyboard;
			sourceTree = "<group>";
		};
/* End PBXVariantGroup section */

/* Begin XCBuildConfiguration section */
		389824BC21B76CC100709548 /* Debug */ = {
			isa = XCBuildConfiguration;
			buildSettings = {
				ALWAYS_SEARCH_USER_PATHS = NO;
				CLANG_ANALYZER_NONNULL = YES;
				CLANG_ANALYZER_NUMBER_OBJECT_CONVERSION = YES_AGGRESSIVE;
				CLANG_CXX_LANGUAGE_STANDARD = "gnu++14";
				CLANG_CXX_LIBRARY = "libc++";
				CLANG_ENABLE_MODULES = YES;
				CLANG_ENABLE_OBJC_ARC = YES;
				CLANG_ENABLE_OBJC_WEAK = YES;
				CLANG_WARN_BLOCK_CAPTURE_AUTORELEASING = YES;
				CLANG_WARN_BOOL_CONVERSION = YES;
				CLANG_WARN_COMMA = YES;
				CLANG_WARN_CONSTANT_CONVERSION = YES;
				CLANG_WARN_DEPRECATED_OBJC_IMPLEMENTATIONS = YES;
				CLANG_WARN_DIRECT_OBJC_ISA_USAGE = YES_ERROR;
				CLANG_WARN_DOCUMENTATION_COMMENTS = YES;
				CLANG_WARN_EMPTY_BODY = YES;
				CLANG_WARN_ENUM_CONVERSION = YES;
				CLANG_WARN_INFINITE_RECURSION = YES;
				CLANG_WARN_INT_CONVERSION = YES;
				CLANG_WARN_NON_LITERAL_NULL_CONVERSION = YES;
				CLANG_WARN_OBJC_IMPLICIT_RETAIN_SELF = YES;
				CLANG_WARN_OBJC_LITERAL_CONVERSION = YES;
				CLANG_WARN_OBJC_ROOT_CLASS = YES_ERROR;
				CLANG_WARN_RANGE_LOOP_ANALYSIS = YES;
				CLANG_WARN_STRICT_PROTOTYPES = YES;
				CLANG_WARN_SUSPICIOUS_MOVE = YES;
				CLANG_WARN_UNGUARDED_AVAILABILITY = YES_AGGRESSIVE;
				CLANG_WARN_UNREACHABLE_CODE = YES;
				CLANG_WARN__DUPLICATE_METHOD_MATCH = YES;
				CODE_SIGN_IDENTITY = "iPhone Developer";
				COPY_PHASE_STRIP = NO;
				DEBUG_INFORMATION_FORMAT = dwarf;
				ENABLE_STRICT_OBJC_MSGSEND = YES;
				ENABLE_TESTABILITY = YES;
				GCC_C_LANGUAGE_STANDARD = gnu11;
				GCC_DYNAMIC_NO_PIC = NO;
				GCC_NO_COMMON_BLOCKS = YES;
				GCC_OPTIMIZATION_LEVEL = 0;
				GCC_PREPROCESSOR_DEFINITIONS = (
					"DEBUG=1",
					"$(inherited)",
				);
				GCC_WARN_64_TO_32_BIT_CONVERSION = YES;
				GCC_WARN_ABOUT_RETURN_TYPE = YES_ERROR;
				GCC_WARN_UNDECLARED_SELECTOR = YES;
				GCC_WARN_UNINITIALIZED_AUTOS = YES_AGGRESSIVE;
				GCC_WARN_UNUSED_FUNCTION = YES;
				GCC_WARN_UNUSED_VARIABLE = YES;
				IPHONEOS_DEPLOYMENT_TARGET = 12.1;
				MTL_ENABLE_DEBUG_INFO = INCLUDE_SOURCE;
				MTL_FAST_MATH = YES;
				ONLY_ACTIVE_ARCH = YES;
				SDKROOT = iphoneos;
				SWIFT_ACTIVE_COMPILATION_CONDITIONS = DEBUG;
				SWIFT_OPTIMIZATION_LEVEL = "-Onone";
			};
			name = Debug;
		};
		389824BD21B76CC100709548 /* Release */ = {
			isa = XCBuildConfiguration;
			buildSettings = {
				ALWAYS_SEARCH_USER_PATHS = NO;
				CLANG_ANALYZER_NONNULL = YES;
				CLANG_ANALYZER_NUMBER_OBJECT_CONVERSION = YES_AGGRESSIVE;
				CLANG_CXX_LANGUAGE_STANDARD = "gnu++14";
				CLANG_CXX_LIBRARY = "libc++";
				CLANG_ENABLE_MODULES = YES;
				CLANG_ENABLE_OBJC_ARC = YES;
				CLANG_ENABLE_OBJC_WEAK = YES;
				CLANG_WARN_BLOCK_CAPTURE_AUTORELEASING = YES;
				CLANG_WARN_BOOL_CONVERSION = YES;
				CLANG_WARN_COMMA = YES;
				CLANG_WARN_CONSTANT_CONVERSION = YES;
				CLANG_WARN_DEPRECATED_OBJC_IMPLEMENTATIONS = YES;
				CLANG_WARN_DIRECT_OBJC_ISA_USAGE = YES_ERROR;
				CLANG_WARN_DOCUMENTATION_COMMENTS = YES;
				CLANG_WARN_EMPTY_BODY = YES;
				CLANG_WARN_ENUM_CONVERSION = YES;
				CLANG_WARN_INFINITE_RECURSION = YES;
				CLANG_WARN_INT_CONVERSION = YES;
				CLANG_WARN_NON_LITERAL_NULL_CONVERSION = YES;
				CLANG_WARN_OBJC_IMPLICIT_RETAIN_SELF = YES;
				CLANG_WARN_OBJC_LITERAL_CONVERSION = YES;
				CLANG_WARN_OBJC_ROOT_CLASS = YES_ERROR;
				CLANG_WARN_RANGE_LOOP_ANALYSIS = YES;
				CLANG_WARN_STRICT_PROTOTYPES = YES;
				CLANG_WARN_SUSPICIOUS_MOVE = YES;
				CLANG_WARN_UNGUARDED_AVAILABILITY = YES_AGGRESSIVE;
				CLANG_WARN_UNREACHABLE_CODE = YES;
				CLANG_WARN__DUPLICATE_METHOD_MATCH = YES;
				CODE_SIGN_IDENTITY = "iPhone Developer";
				COPY_PHASE_STRIP = NO;
				DEBUG_INFORMATION_FORMAT = "dwarf-with-dsym";
				ENABLE_NS_ASSERTIONS = NO;
				ENABLE_STRICT_OBJC_MSGSEND = YES;
				GCC_C_LANGUAGE_STANDARD = gnu11;
				GCC_NO_COMMON_BLOCKS = YES;
				GCC_WARN_64_TO_32_BIT_CONVERSION = YES;
				GCC_WARN_ABOUT_RETURN_TYPE = YES_ERROR;
				GCC_WARN_UNDECLARED_SELECTOR = YES;
				GCC_WARN_UNINITIALIZED_AUTOS = YES_AGGRESSIVE;
				GCC_WARN_UNUSED_FUNCTION = YES;
				GCC_WARN_UNUSED_VARIABLE = YES;
				IPHONEOS_DEPLOYMENT_TARGET = 12.1;
				MTL_ENABLE_DEBUG_INFO = NO;
				MTL_FAST_MATH = YES;
				SDKROOT = iphoneos;
				SWIFT_COMPILATION_MODE = wholemodule;
				SWIFT_OPTIMIZATION_LEVEL = "-O";
				VALIDATE_PRODUCT = YES;
			};
			name = Release;
		};
		389824BF21B76CC100709548 /* Debug */ = {
			isa = XCBuildConfiguration;
			buildSettings = {
				ASSETCATALOG_COMPILER_APPICON_NAME = AppIcon;
				ASSETCATALOG_COMPILER_LAUNCHIMAGE_NAME = LaunchImage;
				CODE_SIGN_STYLE = Automatic;
				DEVELOPMENT_TEAM = KSV5RQ2S7L;
				INFOPLIST_FILE = "live-streaming-demo/Info.plist";
				IPHONEOS_DEPLOYMENT_TARGET = 9.0;
				LD_RUNPATH_SEARCH_PATHS = (
					"$(inherited)",
					"@executable_path/Frameworks",
				);
				PRODUCT_BUNDLE_IDENTIFIER = "zijia.live-streaming-demo";
				PRODUCT_NAME = "$(TARGET_NAME)";
				SWIFT_VERSION = 4.2;
				TARGETED_DEVICE_FAMILY = 1;
			};
			name = Debug;
		};
		389824C021B76CC100709548 /* Release */ = {
			isa = XCBuildConfiguration;
			buildSettings = {
				ASSETCATALOG_COMPILER_APPICON_NAME = AppIcon;
				ASSETCATALOG_COMPILER_LAUNCHIMAGE_NAME = LaunchImage;
				CODE_SIGN_STYLE = Automatic;
				DEVELOPMENT_TEAM = KSV5RQ2S7L;
				INFOPLIST_FILE = "live-streaming-demo/Info.plist";
				IPHONEOS_DEPLOYMENT_TARGET = 9.0;
				LD_RUNPATH_SEARCH_PATHS = (
					"$(inherited)",
					"@executable_path/Frameworks",
				);
				PRODUCT_BUNDLE_IDENTIFIER = "zijia.live-streaming-demo";
				PRODUCT_NAME = "$(TARGET_NAME)";
				SWIFT_VERSION = 4.2;
				TARGETED_DEVICE_FAMILY = 1;
			};
			name = Release;
		};
		389824C221B76CC100709548 /* Debug */ = {
			isa = XCBuildConfiguration;
			buildSettings = {
				ALWAYS_EMBED_SWIFT_STANDARD_LIBRARIES = YES;
				BUNDLE_LOADER = "$(TEST_HOST)";
				CODE_SIGN_STYLE = Automatic;
				DEVELOPMENT_TEAM = KSV5RQ2S7L;
				INFOPLIST_FILE = "live-streaming-demoTests/Info.plist";
				LD_RUNPATH_SEARCH_PATHS = (
					"$(inherited)",
					"@executable_path/Frameworks",
					"@loader_path/Frameworks",
				);
				PRODUCT_BUNDLE_IDENTIFIER = "zijia.live-streaming-demoTests";
				PRODUCT_NAME = "$(TARGET_NAME)";
				SWIFT_VERSION = 4.2;
				TARGETED_DEVICE_FAMILY = "1,2";
				TEST_HOST = "$(BUILT_PRODUCTS_DIR)/live-streaming-demo.app/live-streaming-demo";
			};
			name = Debug;
		};
		389824C321B76CC100709548 /* Release */ = {
			isa = XCBuildConfiguration;
			buildSettings = {
				ALWAYS_EMBED_SWIFT_STANDARD_LIBRARIES = YES;
				BUNDLE_LOADER = "$(TEST_HOST)";
				CODE_SIGN_STYLE = Automatic;
				DEVELOPMENT_TEAM = KSV5RQ2S7L;
				INFOPLIST_FILE = "live-streaming-demoTests/Info.plist";
				LD_RUNPATH_SEARCH_PATHS = (
					"$(inherited)",
					"@executable_path/Frameworks",
					"@loader_path/Frameworks",
				);
				PRODUCT_BUNDLE_IDENTIFIER = "zijia.live-streaming-demoTests";
				PRODUCT_NAME = "$(TARGET_NAME)";
				SWIFT_VERSION = 4.2;
				TARGETED_DEVICE_FAMILY = "1,2";
				TEST_HOST = "$(BUILT_PRODUCTS_DIR)/live-streaming-demo.app/live-streaming-demo";
			};
			name = Release;
		};
		389824C521B76CC100709548 /* Debug */ = {
			isa = XCBuildConfiguration;
			buildSettings = {
				ALWAYS_EMBED_SWIFT_STANDARD_LIBRARIES = YES;
				CODE_SIGN_STYLE = Automatic;
				DEVELOPMENT_TEAM = KSV5RQ2S7L;
				INFOPLIST_FILE = "live-streaming-demoUITests/Info.plist";
				LD_RUNPATH_SEARCH_PATHS = (
					"$(inherited)",
					"@executable_path/Frameworks",
					"@loader_path/Frameworks",
				);
				PRODUCT_BUNDLE_IDENTIFIER = "zijia.live-streaming-demoUITests";
				PRODUCT_NAME = "$(TARGET_NAME)";
				SWIFT_VERSION = 4.2;
				TARGETED_DEVICE_FAMILY = "1,2";
				TEST_TARGET_NAME = "live-streaming-demo";
			};
			name = Debug;
		};
		389824C621B76CC100709548 /* Release */ = {
			isa = XCBuildConfiguration;
			buildSettings = {
				ALWAYS_EMBED_SWIFT_STANDARD_LIBRARIES = YES;
				CODE_SIGN_STYLE = Automatic;
				DEVELOPMENT_TEAM = KSV5RQ2S7L;
				INFOPLIST_FILE = "live-streaming-demoUITests/Info.plist";
				LD_RUNPATH_SEARCH_PATHS = (
					"$(inherited)",
					"@executable_path/Frameworks",
					"@loader_path/Frameworks",
				);
				PRODUCT_BUNDLE_IDENTIFIER = "zijia.live-streaming-demoUITests";
				PRODUCT_NAME = "$(TARGET_NAME)";
				SWIFT_VERSION = 4.2;
				TARGETED_DEVICE_FAMILY = "1,2";
				TEST_TARGET_NAME = "live-streaming-demo";
			};
			name = Release;
		};
/* End XCBuildConfiguration section */

/* Begin XCConfigurationList section */
		3898249121B76CC000709548 /* Build configuration list for PBXProject "live-streaming-demo" */ = {
			isa = XCConfigurationList;
			buildConfigurations = (
				389824BC21B76CC100709548 /* Debug */,
				389824BD21B76CC100709548 /* Release */,
			);
			defaultConfigurationIsVisible = 0;
			defaultConfigurationName = Release;
		};
		389824BE21B76CC100709548 /* Build configuration list for PBXNativeTarget "live-streaming-demo" */ = {
			isa = XCConfigurationList;
			buildConfigurations = (
				389824BF21B76CC100709548 /* Debug */,
				389824C021B76CC100709548 /* Release */,
			);
			defaultConfigurationIsVisible = 0;
			defaultConfigurationName = Release;
		};
		389824C121B76CC100709548 /* Build configuration list for PBXNativeTarget "live-streaming-demoTests" */ = {
			isa = XCConfigurationList;
			buildConfigurations = (
				389824C221B76CC100709548 /* Debug */,
				389824C321B76CC100709548 /* Release */,
			);
			defaultConfigurationIsVisible = 0;
			defaultConfigurationName = Release;
		};
		389824C421B76CC100709548 /* Build configuration list for PBXNativeTarget "live-streaming-demoUITests" */ = {
			isa = XCConfigurationList;
			buildConfigurations = (
				389824C521B76CC100709548 /* Debug */,
				389824C621B76CC100709548 /* Release */,
			);
			defaultConfigurationIsVisible = 0;
			defaultConfigurationName = Release;
		};
/* End XCConfigurationList section */
	};
	rootObject = 3898248E21B76CC000709548 /* Project object */;
}
